// !$*UTF8*$!
{
	archiveVersion = 1;
	classes = {
	};
	objectVersion = 50;
	objects = {

/* Begin PBXBuildFile section */
		3B5182EA2652A74100083048 /* OnbordingViewModel.swift in Sources */ = {isa = PBXBuildFile; fileRef = 3B5182E92652A74100083048 /* OnbordingViewModel.swift */; };
		3B5182F52652B0A700083048 /* OnbordingInterface.swift in Sources */ = {isa = PBXBuildFile; fileRef = 3B5182F42652B0A700083048 /* OnbordingInterface.swift */; };
		3B5182F92652B0DA00083048 /* OnbordingWireFrame.swift in Sources */ = {isa = PBXBuildFile; fileRef = 3B5182F82652B0DA00083048 /* OnbordingWireFrame.swift */; };
		3B5182FD2652B17E00083048 /* OnbordingRouter.swift in Sources */ = {isa = PBXBuildFile; fileRef = 3B5182FC2652B17E00083048 /* OnbordingRouter.swift */; };
		3B5183042652B2B400083048 /* OnbordingViewController.swift in Sources */ = {isa = PBXBuildFile; fileRef = 3B5183022652B2B400083048 /* OnbordingViewController.swift */; };
		3B5183052652B2B400083048 /* OnbordingViewController.xib in Resources */ = {isa = PBXBuildFile; fileRef = 3B5183032652B2B400083048 /* OnbordingViewController.xib */; };
		3B51830A2652B80700083048 /* OnbordingCollectionViewCell.swift in Sources */ = {isa = PBXBuildFile; fileRef = 3B5183082652B80700083048 /* OnbordingCollectionViewCell.swift */; };
		3B51830B2652B80700083048 /* OnbordingCollectionViewCell.xib in Resources */ = {isa = PBXBuildFile; fileRef = 3B5183092652B80700083048 /* OnbordingCollectionViewCell.xib */; };
		3B603597264E945B00464331 /* AppDelegate.swift in Sources */ = {isa = PBXBuildFile; fileRef = 3B603596264E945B00464331 /* AppDelegate.swift */; };
		3B6035A0264E945D00464331 /* Assets.xcassets in Resources */ = {isa = PBXBuildFile; fileRef = 3B60359F264E945D00464331 /* Assets.xcassets */; };
		3B6035A3264E945D00464331 /* LaunchScreen.storyboard in Resources */ = {isa = PBXBuildFile; fileRef = 3B6035A1264E945D00464331 /* LaunchScreen.storyboard */; };
		3B6035B7264E9D3E00464331 /* KeybordViewController.swift in Sources */ = {isa = PBXBuildFile; fileRef = 3B6035B5264E9D3E00464331 /* KeybordViewController.swift */; };
		3B6035B8264E9D3E00464331 /* KeybordViewController.xib in Resources */ = {isa = PBXBuildFile; fileRef = 3B6035B6264E9D3E00464331 /* KeybordViewController.xib */; };
		3B6035C2264EA36100464331 /* KeyboardViewController.swift in Sources */ = {isa = PBXBuildFile; fileRef = 3B6035C1264EA36100464331 /* KeyboardViewController.swift */; };
		3B6035C6264EA36100464331 /* EfKeyboard.appex in Embed App Extensions */ = {isa = PBXBuildFile; fileRef = 3B6035BF264EA36100464331 /* EfKeyboard.appex */; settings = {ATTRIBUTES = (RemoveHeadersOnCopy, ); }; };
		3B6035CE264EA4BD00464331 /* KeyboardViewController.xib in Resources */ = {isa = PBXBuildFile; fileRef = 3B6035CD264EA4BD00464331 /* KeyboardViewController.xib */; };
/* End PBXBuildFile section */

/* Begin PBXContainerItemProxy section */
		3B6035C4264EA36100464331 /* PBXContainerItemProxy */ = {
			isa = PBXContainerItemProxy;
			containerPortal = 3B60358B264E945B00464331 /* Project object */;
			proxyType = 1;
			remoteGlobalIDString = 3B6035BE264EA36100464331;
			remoteInfo = EfKeyboard;
		};
/* End PBXContainerItemProxy section */

/* Begin PBXCopyFilesBuildPhase section */
		3B6035CA264EA36100464331 /* Embed App Extensions */ = {
			isa = PBXCopyFilesBuildPhase;
			buildActionMask = 2147483647;
			dstPath = "";
			dstSubfolderSpec = 13;
			files = (
				3B6035C6264EA36100464331 /* EfKeyboard.appex in Embed App Extensions */,
			);
			name = "Embed App Extensions";
			runOnlyForDeploymentPostprocessing = 0;
		};
/* End PBXCopyFilesBuildPhase section */

/* Begin PBXFileReference section */
		3B5182E92652A74100083048 /* OnbordingViewModel.swift */ = {isa = PBXFileReference; lastKnownFileType = sourcecode.swift; path = OnbordingViewModel.swift; sourceTree = "<group>"; };
		3B5182F42652B0A700083048 /* OnbordingInterface.swift */ = {isa = PBXFileReference; lastKnownFileType = sourcecode.swift; path = OnbordingInterface.swift; sourceTree = "<group>"; };
		3B5182F82652B0DA00083048 /* OnbordingWireFrame.swift */ = {isa = PBXFileReference; lastKnownFileType = sourcecode.swift; path = OnbordingWireFrame.swift; sourceTree = "<group>"; };
		3B5182FC2652B17E00083048 /* OnbordingRouter.swift */ = {isa = PBXFileReference; lastKnownFileType = sourcecode.swift; path = OnbordingRouter.swift; sourceTree = "<group>"; };
		3B5183022652B2B400083048 /* OnbordingViewController.swift */ = {isa = PBXFileReference; lastKnownFileType = sourcecode.swift; path = OnbordingViewController.swift; sourceTree = "<group>"; };
		3B5183032652B2B400083048 /* OnbordingViewController.xib */ = {isa = PBXFileReference; lastKnownFileType = file.xib; path = OnbordingViewController.xib; sourceTree = "<group>"; };
		3B5183082652B80700083048 /* OnbordingCollectionViewCell.swift */ = {isa = PBXFileReference; lastKnownFileType = sourcecode.swift; path = OnbordingCollectionViewCell.swift; sourceTree = "<group>"; };
		3B5183092652B80700083048 /* OnbordingCollectionViewCell.xib */ = {isa = PBXFileReference; lastKnownFileType = file.xib; path = OnbordingCollectionViewCell.xib; sourceTree = "<group>"; };
		3B603593264E945B00464331 /* MyCustomKeybord.app */ = {isa = PBXFileReference; explicitFileType = wrapper.application; includeInIndex = 0; path = MyCustomKeybord.app; sourceTree = BUILT_PRODUCTS_DIR; };
		3B603596264E945B00464331 /* AppDelegate.swift */ = {isa = PBXFileReference; lastKnownFileType = sourcecode.swift; path = AppDelegate.swift; sourceTree = "<group>"; };
		3B60359F264E945D00464331 /* Assets.xcassets */ = {isa = PBXFileReference; lastKnownFileType = folder.assetcatalog; path = Assets.xcassets; sourceTree = "<group>"; };
		3B6035A2264E945D00464331 /* Base */ = {isa = PBXFileReference; lastKnownFileType = file.storyboard; name = Base; path = Base.lproj/LaunchScreen.storyboard; sourceTree = "<group>"; };
		3B6035A4264E945D00464331 /* Info.plist */ = {isa = PBXFileReference; lastKnownFileType = text.plist.xml; path = Info.plist; sourceTree = "<group>"; };
		3B6035B5264E9D3E00464331 /* KeybordViewController.swift */ = {isa = PBXFileReference; lastKnownFileType = sourcecode.swift; path = KeybordViewController.swift; sourceTree = "<group>"; };
		3B6035B6264E9D3E00464331 /* KeybordViewController.xib */ = {isa = PBXFileReference; lastKnownFileType = file.xib; path = KeybordViewController.xib; sourceTree = "<group>"; };
		3B6035BF264EA36100464331 /* EfKeyboard.appex */ = {isa = PBXFileReference; explicitFileType = "wrapper.app-extension"; includeInIndex = 0; path = EfKeyboard.appex; sourceTree = BUILT_PRODUCTS_DIR; };
		3B6035C1264EA36100464331 /* KeyboardViewController.swift */ = {isa = PBXFileReference; lastKnownFileType = sourcecode.swift; path = KeyboardViewController.swift; sourceTree = "<group>"; };
		3B6035C3264EA36100464331 /* Info.plist */ = {isa = PBXFileReference; lastKnownFileType = text.plist.xml; path = Info.plist; sourceTree = "<group>"; };
		3B6035CD264EA4BD00464331 /* KeyboardViewController.xib */ = {isa = PBXFileReference; lastKnownFileType = file.xib; path = KeyboardViewController.xib; sourceTree = "<group>"; };
/* End PBXFileReference section */

/* Begin PBXFrameworksBuildPhase section */
		3B603590264E945B00464331 /* Frameworks */ = {
			isa = PBXFrameworksBuildPhase;
			buildActionMask = 2147483647;
			files = (
			);
			runOnlyForDeploymentPostprocessing = 0;
		};
		3B6035BC264EA36100464331 /* Frameworks */ = {
			isa = PBXFrameworksBuildPhase;
			buildActionMask = 2147483647;
			files = (
			);
			runOnlyForDeploymentPostprocessing = 0;
		};
/* End PBXFrameworksBuildPhase section */

/* Begin PBXGroup section */
		3B5182E02652A68500083048 /* Onbording */ = {
			isa = PBXGroup;
			children = (
				3B5182F32652A76500083048 /* Model */,
				3B5182ED2652A74F00083048 /* View */,
				3B5182F02652A75800083048 /* ViewModel */,
				3B5182F42652B0A700083048 /* OnbordingInterface.swift */,
				3B5182F82652B0DA00083048 /* OnbordingWireFrame.swift */,
				3B5182FC2652B17E00083048 /* OnbordingRouter.swift */,
			);
			path = Onbording;
			sourceTree = "<group>";
		};
		3B5182ED2652A74F00083048 /* View */ = {
			isa = PBXGroup;
			children = (
				3B5183022652B2B400083048 /* OnbordingViewController.swift */,
				3B5183032652B2B400083048 /* OnbordingViewController.xib */,
				3B5183082652B80700083048 /* OnbordingCollectionViewCell.swift */,
				3B5183092652B80700083048 /* OnbordingCollectionViewCell.xib */,
			);
			path = View;
			sourceTree = "<group>";
		};
		3B5182F02652A75800083048 /* ViewModel */ = {
			isa = PBXGroup;
			children = (
				3B5182E92652A74100083048 /* OnbordingViewModel.swift */,
			);
			path = ViewModel;
			sourceTree = "<group>";
		};
		3B5182F32652A76500083048 /* Model */ = {
			isa = PBXGroup;
			children = (
			);
			path = Model;
			sourceTree = "<group>";
		};
		3B60358A264E945B00464331 = {
			isa = PBXGroup;
			children = (
				3B603595264E945B00464331 /* MyCustomKeybord */,
				3B6035C0264EA36100464331 /* EfKeyboard */,
				3B603594264E945B00464331 /* Products */,
			);
			sourceTree = "<group>";
		};
		3B603594264E945B00464331 /* Products */ = {
			isa = PBXGroup;
			children = (
				3B603593264E945B00464331 /* MyCustomKeybord.app */,
				3B6035BF264EA36100464331 /* EfKeyboard.appex */,
			);
			name = Products;
			sourceTree = "<group>";
		};
		3B603595264E945B00464331 /* MyCustomKeybord */ = {
			isa = PBXGroup;
			children = (
				3B5182E02652A68500083048 /* Onbording */,
				3B603596264E945B00464331 /* AppDelegate.swift */,
				3B60359F264E945D00464331 /* Assets.xcassets */,
				3B6035A1264E945D00464331 /* LaunchScreen.storyboard */,
				3B6035A4264E945D00464331 /* Info.plist */,
				3B6035B5264E9D3E00464331 /* KeybordViewController.swift */,
				3B6035B6264E9D3E00464331 /* KeybordViewController.xib */,
			);
			path = MyCustomKeybord;
			sourceTree = "<group>";
		};
		3B6035C0264EA36100464331 /* EfKeyboard */ = {
			isa = PBXGroup;
			children = (
				3B6035C1264EA36100464331 /* KeyboardViewController.swift */,
				3B6035CD264EA4BD00464331 /* KeyboardViewController.xib */,
				3B6035C3264EA36100464331 /* Info.plist */,
			);
			path = EfKeyboard;
			sourceTree = "<group>";
		};
/* End PBXGroup section */

/* Begin PBXNativeTarget section */
		3B603592264E945B00464331 /* MyCustomKeybord */ = {
			isa = PBXNativeTarget;
			buildConfigurationList = 3B6035A7264E945D00464331 /* Build configuration list for PBXNativeTarget "MyCustomKeybord" */;
			buildPhases = (
				3B60358F264E945B00464331 /* Sources */,
				3B603590264E945B00464331 /* Frameworks */,
				3B603591264E945B00464331 /* Resources */,
				3B6035CA264EA36100464331 /* Embed App Extensions */,
			);
			buildRules = (
			);
			dependencies = (
				3B6035C5264EA36100464331 /* PBXTargetDependency */,
			);
			name = MyCustomKeybord;
			productName = MyCustomKeybord;
			productReference = 3B603593264E945B00464331 /* MyCustomKeybord.app */;
			productType = "com.apple.product-type.application";
		};
		3B6035BE264EA36100464331 /* EfKeyboard */ = {
			isa = PBXNativeTarget;
			buildConfigurationList = 3B6035C7264EA36100464331 /* Build configuration list for PBXNativeTarget "EfKeyboard" */;
			buildPhases = (
				3B6035BB264EA36100464331 /* Sources */,
				3B6035BC264EA36100464331 /* Frameworks */,
				3B6035BD264EA36100464331 /* Resources */,
			);
			buildRules = (
			);
			dependencies = (
			);
			name = EfKeyboard;
			productName = EfKeyboard;
			productReference = 3B6035BF264EA36100464331 /* EfKeyboard.appex */;
			productType = "com.apple.product-type.app-extension";
		};
/* End PBXNativeTarget section */

/* Begin PBXProject section */
		3B60358B264E945B00464331 /* Project object */ = {
			isa = PBXProject;
			attributes = {
				LastSwiftUpdateCheck = 1240;
				LastUpgradeCheck = 1240;
				TargetAttributes = {
					3B603592264E945B00464331 = {
						CreatedOnToolsVersion = 12.4;
					};
					3B6035BE264EA36100464331 = {
						CreatedOnToolsVersion = 12.4;
					};
				};
			};
			buildConfigurationList = 3B60358E264E945B00464331 /* Build configuration list for PBXProject "MyCustomKeybord" */;
			compatibilityVersion = "Xcode 9.3";
			developmentRegion = en;
			hasScannedForEncodings = 0;
			knownRegions = (
				en,
				Base,
			);
			mainGroup = 3B60358A264E945B00464331;
			productRefGroup = 3B603594264E945B00464331 /* Products */;
			projectDirPath = "";
			projectRoot = "";
			targets = (
				3B603592264E945B00464331 /* MyCustomKeybord */,
				3B6035BE264EA36100464331 /* EfKeyboard */,
			);
		};
/* End PBXProject section */

/* Begin PBXResourcesBuildPhase section */
		3B603591264E945B00464331 /* Resources */ = {
			isa = PBXResourcesBuildPhase;
			buildActionMask = 2147483647;
			files = (
				3B51830B2652B80700083048 /* OnbordingCollectionViewCell.xib in Resources */,
				3B6035A3264E945D00464331 /* LaunchScreen.storyboard in Resources */,
				3B5183052652B2B400083048 /* OnbordingViewController.xib in Resources */,
				3B6035A0264E945D00464331 /* Assets.xcassets in Resources */,
				3B6035B8264E9D3E00464331 /* KeybordViewController.xib in Resources */,
			);
			runOnlyForDeploymentPostprocessing = 0;
		};
		3B6035BD264EA36100464331 /* Resources */ = {
			isa = PBXResourcesBuildPhase;
			buildActionMask = 2147483647;
			files = (
				3B6035CE264EA4BD00464331 /* KeyboardViewController.xib in Resources */,
			);
			runOnlyForDeploymentPostprocessing = 0;
		};
/* End PBXResourcesBuildPhase section */

/* Begin PBXSourcesBuildPhase section */
		3B60358F264E945B00464331 /* Sources */ = {
			isa = PBXSourcesBuildPhase;
			buildActionMask = 2147483647;
			files = (
				3B5182F52652B0A700083048 /* OnbordingInterface.swift in Sources */,
				3B5182FD2652B17E00083048 /* OnbordingRouter.swift in Sources */,
				3B5182EA2652A74100083048 /* OnbordingViewModel.swift in Sources */,
				3B603597264E945B00464331 /* AppDelegate.swift in Sources */,
				3B6035B7264E9D3E00464331 /* KeybordViewController.swift in Sources */,
				3B5182F92652B0DA00083048 /* OnbordingWireFrame.swift in Sources */,
				3B5183042652B2B400083048 /* OnbordingViewController.swift in Sources */,
				3B51830A2652B80700083048 /* OnbordingCollectionViewCell.swift in Sources */,
			);
			runOnlyForDeploymentPostprocessing = 0;
		};
		3B6035BB264EA36100464331 /* Sources */ = {
			isa = PBXSourcesBuildPhase;
			buildActionMask = 2147483647;
			files = (
				3B6035C2264EA36100464331 /* KeyboardViewController.swift in Sources */,
			);
			runOnlyForDeploymentPostprocessing = 0;
		};
/* End PBXSourcesBuildPhase section */

/* Begin PBXTargetDependency section */
		3B6035C5264EA36100464331 /* PBXTargetDependency */ = {
			isa = PBXTargetDependency;
			target = 3B6035BE264EA36100464331 /* EfKeyboard */;
			targetProxy = 3B6035C4264EA36100464331 /* PBXContainerItemProxy */;
		};
/* End PBXTargetDependency section */

/* Begin PBXVariantGroup section */
		3B6035A1264E945D00464331 /* LaunchScreen.storyboard */ = {
			isa = PBXVariantGroup;
			children = (
				3B6035A2264E945D00464331 /* Base */,
			);
			name = LaunchScreen.storyboard;
			sourceTree = "<group>";
		};
/* End PBXVariantGroup section */

/* Begin XCBuildConfiguration section */
		3B6035A5264E945D00464331 /* Debug */ = {
			isa = XCBuildConfiguration;
			buildSettings = {
				ALWAYS_SEARCH_USER_PATHS = NO;
				CLANG_ANALYZER_NONNULL = YES;
				CLANG_ANALYZER_NUMBER_OBJECT_CONVERSION = YES_AGGRESSIVE;
				CLANG_CXX_LANGUAGE_STANDARD = "gnu++14";
				CLANG_CXX_LIBRARY = "libc++";
				CLANG_ENABLE_MODULES = YES;
				CLANG_ENABLE_OBJC_ARC = YES;
				CLANG_ENABLE_OBJC_WEAK = YES;
				CLANG_WARN_BLOCK_CAPTURE_AUTORELEASING = YES;
				CLANG_WARN_BOOL_CONVERSION = YES;
				CLANG_WARN_COMMA = YES;
				CLANG_WARN_CONSTANT_CONVERSION = YES;
				CLANG_WARN_DEPRECATED_OBJC_IMPLEMENTATIONS = YES;
				CLANG_WARN_DIRECT_OBJC_ISA_USAGE = YES_ERROR;
				CLANG_WARN_DOCUMENTATION_COMMENTS = YES;
				CLANG_WARN_EMPTY_BODY = YES;
				CLANG_WARN_ENUM_CONVERSION = YES;
				CLANG_WARN_INFINITE_RECURSION = YES;
				CLANG_WARN_INT_CONVERSION = YES;
				CLANG_WARN_NON_LITERAL_NULL_CONVERSION = YES;
				CLANG_WARN_OBJC_IMPLICIT_RETAIN_SELF = YES;
				CLANG_WARN_OBJC_LITERAL_CONVERSION = YES;
				CLANG_WARN_OBJC_ROOT_CLASS = YES_ERROR;
				CLANG_WARN_QUOTED_INCLUDE_IN_FRAMEWORK_HEADER = YES;
				CLANG_WARN_RANGE_LOOP_ANALYSIS = YES;
				CLANG_WARN_STRICT_PROTOTYPES = YES;
				CLANG_WARN_SUSPICIOUS_MOVE = YES;
				CLANG_WARN_UNGUARDED_AVAILABILITY = YES_AGGRESSIVE;
				CLANG_WARN_UNREACHABLE_CODE = YES;
				CLANG_WARN__DUPLICATE_METHOD_MATCH = YES;
				COPY_PHASE_STRIP = NO;
				DEBUG_INFORMATION_FORMAT = dwarf;
				ENABLE_STRICT_OBJC_MSGSEND = YES;
				ENABLE_TESTABILITY = YES;
				GCC_C_LANGUAGE_STANDARD = gnu11;
				GCC_DYNAMIC_NO_PIC = NO;
				GCC_NO_COMMON_BLOCKS = YES;
				GCC_OPTIMIZATION_LEVEL = 0;
				GCC_PREPROCESSOR_DEFINITIONS = (
					"DEBUG=1",
					"$(inherited)",
				);
				GCC_WARN_64_TO_32_BIT_CONVERSION = YES;
				GCC_WARN_ABOUT_RETURN_TYPE = YES_ERROR;
				GCC_WARN_UNDECLARED_SELECTOR = YES;
				GCC_WARN_UNINITIALIZED_AUTOS = YES_AGGRESSIVE;
				GCC_WARN_UNUSED_FUNCTION = YES;
				GCC_WARN_UNUSED_VARIABLE = YES;
				IPHONEOS_DEPLOYMENT_TARGET = 14.4;
				MTL_ENABLE_DEBUG_INFO = INCLUDE_SOURCE;
				MTL_FAST_MATH = YES;
				ONLY_ACTIVE_ARCH = YES;
				SDKROOT = iphoneos;
				SWIFT_ACTIVE_COMPILATION_CONDITIONS = DEBUG;
				SWIFT_OPTIMIZATION_LEVEL = "-Onone";
			};
			name = Debug;
		};
		3B6035A6264E945D00464331 /* Release */ = {
			isa = XCBuildConfiguration;
			buildSettings = {
				ALWAYS_SEARCH_USER_PATHS = NO;
				CLANG_ANALYZER_NONNULL = YES;
				CLANG_ANALYZER_NUMBER_OBJECT_CONVERSION = YES_AGGRESSIVE;
				CLANG_CXX_LANGUAGE_STANDARD = "gnu++14";
				CLANG_CXX_LIBRARY = "libc++";
				CLANG_ENABLE_MODULES = YES;
				CLANG_ENABLE_OBJC_ARC = YES;
				CLANG_ENABLE_OBJC_WEAK = YES;
				CLANG_WARN_BLOCK_CAPTURE_AUTORELEASING = YES;
				CLANG_WARN_BOOL_CONVERSION = YES;
				CLANG_WARN_COMMA = YES;
				CLANG_WARN_CONSTANT_CONVERSION = YES;
				CLANG_WARN_DEPRECATED_OBJC_IMPLEMENTATIONS = YES;
				CLANG_WARN_DIRECT_OBJC_ISA_USAGE = YES_ERROR;
				CLANG_WARN_DOCUMENTATION_COMMENTS = YES;
				CLANG_WARN_EMPTY_BODY = YES;
				CLANG_WARN_ENUM_CONVERSION = YES;
				CLANG_WARN_INFINITE_RECURSION = YES;
				CLANG_WARN_INT_CONVERSION = YES;
				CLANG_WARN_NON_LITERAL_NULL_CONVERSION = YES;
				CLANG_WARN_OBJC_IMPLICIT_RETAIN_SELF = YES;
				CLANG_WARN_OBJC_LITERAL_CONVERSION = YES;
				CLANG_WARN_OBJC_ROOT_CLASS = YES_ERROR;
				CLANG_WARN_QUOTED_INCLUDE_IN_FRAMEWORK_HEADER = YES;
				CLANG_WARN_RANGE_LOOP_ANALYSIS = YES;
				CLANG_WARN_STRICT_PROTOTYPES = YES;
				CLANG_WARN_SUSPICIOUS_MOVE = YES;
				CLANG_WARN_UNGUARDED_AVAILABILITY = YES_AGGRESSIVE;
				CLANG_WARN_UNREACHABLE_CODE = YES;
				CLANG_WARN__DUPLICATE_METHOD_MATCH = YES;
				COPY_PHASE_STRIP = NO;
				DEBUG_INFORMATION_FORMAT = "dwarf-with-dsym";
				ENABLE_NS_ASSERTIONS = NO;
				ENABLE_STRICT_OBJC_MSGSEND = YES;
				GCC_C_LANGUAGE_STANDARD = gnu11;
				GCC_NO_COMMON_BLOCKS = YES;
				GCC_WARN_64_TO_32_BIT_CONVERSION = YES;
				GCC_WARN_ABOUT_RETURN_TYPE = YES_ERROR;
				GCC_WARN_UNDECLARED_SELECTOR = YES;
				GCC_WARN_UNINITIALIZED_AUTOS = YES_AGGRESSIVE;
				GCC_WARN_UNUSED_FUNCTION = YES;
				GCC_WARN_UNUSED_VARIABLE = YES;
				IPHONEOS_DEPLOYMENT_TARGET = 14.4;
				MTL_ENABLE_DEBUG_INFO = NO;
				MTL_FAST_MATH = YES;
				SDKROOT = iphoneos;
				SWIFT_COMPILATION_MODE = wholemodule;
				SWIFT_OPTIMIZATION_LEVEL = "-O";
				VALIDATE_PRODUCT = YES;
			};
			name = Release;
		};
		3B6035A8264E945D00464331 /* Debug */ = {
			isa = XCBuildConfiguration;
			buildSettings = {
				ALWAYS_EMBED_SWIFT_STANDARD_LIBRARIES = YES;
				ASSETCATALOG_COMPILER_APPICON_NAME = AppIcon;
				ASSETCATALOG_COMPILER_GLOBAL_ACCENT_COLOR_NAME = AccentColor;
				CODE_SIGN_STYLE = Automatic;
				DEVELOPMENT_TEAM = 364PACBHLP;
				INFOPLIST_FILE = MyCustomKeybord/Info.plist;
				LD_RUNPATH_SEARCH_PATHS = (
					"$(inherited)",
					"@executable_path/Frameworks",
				);
				PRODUCT_BUNDLE_IDENTIFIER = com.natife.MyCustomKeybord;
				PRODUCT_NAME = "$(TARGET_NAME)";
				SWIFT_VERSION = 5.0;
				TARGETED_DEVICE_FAMILY = "1,2";
			};
			name = Debug;
		};
		3B6035A9264E945D00464331 /* Release */ = {
			isa = XCBuildConfiguration;
			buildSettings = {
				ALWAYS_EMBED_SWIFT_STANDARD_LIBRARIES = YES;
				ASSETCATALOG_COMPILER_APPICON_NAME = AppIcon;
				ASSETCATALOG_COMPILER_GLOBAL_ACCENT_COLOR_NAME = AccentColor;
				CODE_SIGN_STYLE = Automatic;
				DEVELOPMENT_TEAM = 364PACBHLP;
				INFOPLIST_FILE = MyCustomKeybord/Info.plist;
				LD_RUNPATH_SEARCH_PATHS = (
					"$(inherited)",
					"@executable_path/Frameworks",
				);
				PRODUCT_BUNDLE_IDENTIFIER = com.natife.MyCustomKeybord;
				PRODUCT_NAME = "$(TARGET_NAME)";
				SWIFT_VERSION = 5.0;
				TARGETED_DEVICE_FAMILY = "1,2";
			};
			name = Release;
		};
		3B6035C8264EA36100464331 /* Debug */ = {
			isa = XCBuildConfiguration;
			buildSettings = {
				CODE_SIGN_STYLE = Automatic;
				DEVELOPMENT_TEAM = 364PACBHLP;
				INFOPLIST_FILE = EfKeyboard/Info.plist;
				LD_RUNPATH_SEARCH_PATHS = (
					"$(inherited)",
					"@executable_path/Frameworks",
					"@executable_path/../../Frameworks",
				);
				PRODUCT_BUNDLE_IDENTIFIER = com.natife.MyCustomKeybord.EfKeyboard;
				PRODUCT_NAME = "$(TARGET_NAME)";
				SKIP_INSTALL = YES;
				SWIFT_VERSION = 5.0;
				TARGETED_DEVICE_FAMILY = "1,2";
			};
			name = Debug;
		};
		3B6035C9264EA36100464331 /* Release */ = {
			isa = XCBuildConfiguration;
			buildSettings = {
				CODE_SIGN_STYLE = Automatic;
				DEVELOPMENT_TEAM = 364PACBHLP;
				INFOPLIST_FILE = EfKeyboard/Info.plist;
				LD_RUNPATH_SEARCH_PATHS = (
					"$(inherited)",
					"@executable_path/Frameworks",
					"@executable_path/../../Frameworks",
				);
				PRODUCT_BUNDLE_IDENTIFIER = com.natife.MyCustomKeybord.EfKeyboard;
				PRODUCT_NAME = "$(TARGET_NAME)";
				SKIP_INSTALL = YES;
				SWIFT_VERSION = 5.0;
				TARGETED_DEVICE_FAMILY = "1,2";
			};
			name = Release;
		};
/* End XCBuildConfiguration section */

/* Begin XCConfigurationList section */
		3B60358E264E945B00464331 /* Build configuration list for PBXProject "MyCustomKeybord" */ = {
			isa = XCConfigurationList;
			buildConfigurations = (
				3B6035A5264E945D00464331 /* Debug */,
				3B6035A6264E945D00464331 /* Release */,
			);
			defaultConfigurationIsVisible = 0;
			defaultConfigurationName = Release;
		};
		3B6035A7264E945D00464331 /* Build configuration list for PBXNativeTarget "MyCustomKeybord" */ = {
			isa = XCConfigurationList;
			buildConfigurations = (
				3B6035A8264E945D00464331 /* Debug */,
				3B6035A9264E945D00464331 /* Release */,
			);
			defaultConfigurationIsVisible = 0;
			defaultConfigurationName = Release;
		};
		3B6035C7264EA36100464331 /* Build configuration list for PBXNativeTarget "EfKeyboard" */ = {
			isa = XCConfigurationList;
			buildConfigurations = (
				3B6035C8264EA36100464331 /* Debug */,
				3B6035C9264EA36100464331 /* Release */,
			);
			defaultConfigurationIsVisible = 0;
			defaultConfigurationName = Release;
		};
/* End XCConfigurationList section */
	};
	rootObject = 3B60358B264E945B00464331 /* Project object */;
}
